
Microsoft Visual Studio Solution File, Format Version 12.00
# Visual Studio Version 18
VisualStudioVersion = 18.1.11312.151 d18.0
MinimumVisualStudioVersion = 10.0.40219.1
Project("{FAE04EC0-301F-11D3-BF4B-00C04F79EFBC}") = "PSVR2Toolkit.IPC", "projects\PSVR2Toolkit.IPC\PSVR2Toolkit.IPC.csproj", "{48FCC06F-F55F-F3B4-0563-5CD83BA2FC85}"
EndProject
Project("{FAE04EC0-301F-11D3-BF4B-00C04F79EFBC}") = "PSVR2Toolkit.App", "projects\PSVR2Toolkit.App\PSVR2Toolkit.App.csproj", "{19D73E5D-9C32-4E94-BAC4-901994C9A9B2}"
EndProject
Global
	GlobalSection(SolutionConfigurationPlatforms) = preSolution
		Debug|x64 = Debug|x64
		DebugCI|x64 = DebugCI|x64
		Release|x64 = Release|x64
		ReleaseCI|x64 = ReleaseCI|x64
	EndGlobalSection
	GlobalSection(ProjectConfigurationPlatforms) = postSolution
		{48FCC06F-F55F-F3B4-0563-5CD83BA2FC85}.Debug|x64.ActiveCfg = Debug|Any CPU
		{48FCC06F-F55F-F3B4-0563-5CD83BA2FC85}.Debug|x64.Build.0 = Debug|Any CPU
		{48FCC06F-F55F-F3B4-0563-5CD83BA2FC85}.DebugCI|x64.ActiveCfg = DebugCI|Any CPU
		{48FCC06F-F55F-F3B4-0563-5CD83BA2FC85}.DebugCI|x64.Build.0 = DebugCI|Any CPU
		{48FCC06F-F55F-F3B4-0563-5CD83BA2FC85}.Release|x64.ActiveCfg = Release|Any CPU
		{48FCC06F-F55F-F3B4-0563-5CD83BA2FC85}.Release|x64.Build.0 = Release|Any CPU
		{48FCC06F-F55F-F3B4-0563-5CD83BA2FC85}.ReleaseCI|x64.ActiveCfg = ReleaseCI|Any CPU
		{48FCC06F-F55F-F3B4-0563-5CD83BA2FC85}.ReleaseCI|x64.Build.0 = ReleaseCI|Any CPU
		{19D73E5D-9C32-4E94-BAC4-901994C9A9B2}.Debug|x64.ActiveCfg = Debug|x64
		{19D73E5D-9C32-4E94-BAC4-901994C9A9B2}.Debug|x64.Build.0 = Debug|x64
		{19D73E5D-9C32-4E94-BAC4-901994C9A9B2}.DebugCI|x64.ActiveCfg = Debug|x64
		{19D73E5D-9C32-4E94-BAC4-901994C9A9B2}.Release|x64.ActiveCfg = Release|x64
		{19D73E5D-9C32-4E94-BAC4-901994C9A9B2}.Release|x64.Build.0 = Release|x64
		{19D73E5D-9C32-4E94-BAC4-901994C9A9B2}.ReleaseCI|x64.ActiveCfg = Release|x64
	EndGlobalSection
	GlobalSection(SolutionProperties) = preSolution
		HideSolutionNode = FALSE
	EndGlobalSection
	GlobalSection(ExtensibilityGlobals) = postSolution
		SolutionGuid = {4519F772-725B-47BF-BD00-0EA336012E8C}
	EndGlobalSection
EndGlobal
